
Microsoft Visual Studio Solution File, Format Version 12.00
# Visual Studio Version 17
VisualStudioVersion = 17.1.32421.90
MinimumVisualStudioVersion = 10.0.40219.1
Project("{FAE04EC0-301F-11D3-BF4B-00C04F79EFBC}") = "WebApplication3", "WebApplication3.csproj", "{42C52D78-5CAD-46BB-9F14-E18845FFE39A}"
EndProject
Global
	GlobalSection(SolutionConfigurationPlatforms) = preSolution
		Debug|Any CPU = Debug|Any CPU
		Release|Any CPU = Release|Any CPU
	EndGlobalSection
	GlobalSection(ProjectConfigurationPlatforms) = postSolution
		{42C52D78-5CAD-46BB-9F14-E18845FFE39A}.Debug|Any CPU.ActiveCfg = Debug|Any CPU
		{42C52D78-5CAD-46BB-9F14-E18845FFE39A}.Debug|Any CPU.Build.0 = Debug|Any CPU
		{42C52D78-5CAD-46BB-9F14-E18845FFE39A}.Release|Any CPU.ActiveCfg = Release|Any CPU
		{42C52D78-5CAD-46BB-9F14-E18845FFE39A}.Release|Any CPU.Build.0 = Release|Any CPU
	EndGlobalSection
	GlobalSection(SolutionProperties) = preSolution
		HideSolutionNode = FALSE
	EndGlobalSection
	GlobalSection(ExtensibilityGlobals) = postSolution
		SolutionGuid = {255566D8-499A-40EB-B238-D2EBCAB264A8}
	EndGlobalSection
EndGlobal
