
Microsoft Visual Studio Solution File, Format Version 12.00
# Visual Studio Version 17
VisualStudioVersion = 17.1.32421.90
MinimumVisualStudioVersion = 10.0.40219.1
Project("{FAE04EC0-301F-11D3-BF4B-00C04F79EFBC}") = "SwapNumbers", "SwapNumbers.csproj", "{A6DC2551-1426-4DC7-98EA-467F0E643129}"
EndProject
Global
	GlobalSection(SolutionConfigurationPlatforms) = preSolution
		Debug|Any CPU = Debug|Any CPU
		Release|Any CPU = Release|Any CPU
	EndGlobalSection
	GlobalSection(ProjectConfigurationPlatforms) = postSolution
		{A6DC2551-1426-4DC7-98EA-467F0E643129}.Debug|Any CPU.ActiveCfg = Debug|Any CPU
		{A6DC2551-1426-4DC7-98EA-467F0E643129}.Debug|Any CPU.Build.0 = Debug|Any CPU
		{A6DC2551-1426-4DC7-98EA-467F0E643129}.Release|Any CPU.ActiveCfg = Release|Any CPU
		{A6DC2551-1426-4DC7-98EA-467F0E643129}.Release|Any CPU.Build.0 = Release|Any CPU
	EndGlobalSection
	GlobalSection(SolutionProperties) = preSolution
		HideSolutionNode = FALSE
	EndGlobalSection
	GlobalSection(ExtensibilityGlobals) = postSolution
		SolutionGuid = {843E7FBC-3DE8-4C24-BA81-6740546EC28A}
	EndGlobalSection
EndGlobal
