
Microsoft Visual Studio Solution File, Format Version 12.00
# Visual Studio Version 17
VisualStudioVersion = 17.1.32421.90
MinimumVisualStudioVersion = 10.0.40219.1
Project("{FAE04EC0-301F-11D3-BF4B-00C04F79EFBC}") = "FileUploadInfo", "FileUploadInfo.csproj", "{AF885C33-7845-42AF-B450-6F7DFE6C5A7A}"
EndProject
Global
	GlobalSection(SolutionConfigurationPlatforms) = preSolution
		Debug|Any CPU = Debug|Any CPU
		Release|Any CPU = Release|Any CPU
	EndGlobalSection
	GlobalSection(ProjectConfigurationPlatforms) = postSolution
		{AF885C33-7845-42AF-B450-6F7DFE6C5A7A}.Debug|Any CPU.ActiveCfg = Debug|Any CPU
		{AF885C33-7845-42AF-B450-6F7DFE6C5A7A}.Debug|Any CPU.Build.0 = Debug|Any CPU
		{AF885C33-7845-42AF-B450-6F7DFE6C5A7A}.Release|Any CPU.ActiveCfg = Release|Any CPU
		{AF885C33-7845-42AF-B450-6F7DFE6C5A7A}.Release|Any CPU.Build.0 = Release|Any CPU
	EndGlobalSection
	GlobalSection(SolutionProperties) = preSolution
		HideSolutionNode = FALSE
	EndGlobalSection
	GlobalSection(ExtensibilityGlobals) = postSolution
		SolutionGuid = {DC6E3652-334E-4BEC-9FEB-17FF6B6F5754}
	EndGlobalSection
EndGlobal
