
Microsoft Visual Studio Solution File, Format Version 12.00
# Visual Studio Version 17
VisualStudioVersion = 17.1.32421.90
MinimumVisualStudioVersion = 10.0.40219.1
Project("{FAE04EC0-301F-11D3-BF4B-00C04F79EFBC}") = "SessionExample", "SessionExample.csproj", "{B8170682-CF31-4477-A5AF-2BFCD6EBBB72}"
EndProject
Global
	GlobalSection(SolutionConfigurationPlatforms) = preSolution
		Debug|Any CPU = Debug|Any CPU
		Release|Any CPU = Release|Any CPU
	EndGlobalSection
	GlobalSection(ProjectConfigurationPlatforms) = postSolution
		{B8170682-CF31-4477-A5AF-2BFCD6EBBB72}.Debug|Any CPU.ActiveCfg = Debug|Any CPU
		{B8170682-CF31-4477-A5AF-2BFCD6EBBB72}.Debug|Any CPU.Build.0 = Debug|Any CPU
		{B8170682-CF31-4477-A5AF-2BFCD6EBBB72}.Release|Any CPU.ActiveCfg = Release|Any CPU
		{B8170682-CF31-4477-A5AF-2BFCD6EBBB72}.Release|Any CPU.Build.0 = Release|Any CPU
	EndGlobalSection
	GlobalSection(SolutionProperties) = preSolution
		HideSolutionNode = FALSE
	EndGlobalSection
	GlobalSection(ExtensibilityGlobals) = postSolution
		SolutionGuid = {6C755283-7D32-4E76-83DE-81D32E66BA9D}
	EndGlobalSection
EndGlobal
